// !$*UTF8*$!
{
	archiveVersion = 1;
	classes = {
	};
	objectVersion = 56;
	objects = {

/* Begin PBXBuildFile section */
		CE90A2922CB2C2CB00F30910 /* TCAQiblaApp.swift in Sources */ = {isa = PBXBuildFile; fileRef = CE90A2912CB2C2CB00F30910 /* TCAQiblaApp.swift */; };
		CE90A2962CB2C2D300F30910 /* Assets.xcassets in Resources */ = {isa = PBXBuildFile; fileRef = CE90A2952CB2C2D300F30910 /* Assets.xcassets */; };
		CE90A29A2CB2C2D300F30910 /* Preview Assets.xcassets in Resources */ = {isa = PBXBuildFile; fileRef = CE90A2992CB2C2D300F30910 /* Preview Assets.xcassets */; };
		CE90A2A42CB2C2D300F30910 /* TCAQiblaTests.swift in Sources */ = {isa = PBXBuildFile; fileRef = CE90A2A32CB2C2D300F30910 /* TCAQiblaTests.swift */; };
		CE90A2AE2CB2C2D300F30910 /* TCAQiblaUITests.swift in Sources */ = {isa = PBXBuildFile; fileRef = CE90A2AD2CB2C2D300F30910 /* TCAQiblaUITests.swift */; };
		CE90A2B02CB2C2D300F30910 /* TCAQiblaUITestsLaunchTests.swift in Sources */ = {isa = PBXBuildFile; fileRef = CE90A2AF2CB2C2D300F30910 /* TCAQiblaUITestsLaunchTests.swift */; };
		CE90A2BE2CB2C85700F30910 /* ComposableArchitecture in Frameworks */ = {isa = PBXBuildFile; productRef = CE90A2BD2CB2C85700F30910 /* ComposableArchitecture */; };
		CE90A2C02CB2CA7800F30910 /* QiblaFeature.swift in Sources */ = {isa = PBXBuildFile; fileRef = CE90A2BF2CB2CA7800F30910 /* QiblaFeature.swift */; };
		CE90A2C22CB2CB2100F30910 /* ComposableArchitecture in Frameworks */ = {isa = PBXBuildFile; productRef = CE90A2C12CB2CB2100F30910 /* ComposableArchitecture */; };
		CE90A2C72CB3EE3000F30910 /* LocationManager.swift in Sources */ = {isa = PBXBuildFile; fileRef = CE90A2C62CB3EE3000F30910 /* LocationManager.swift */; };
		CE90A2CA2CB4231600F30910 /* QiblaView.swift in Sources */ = {isa = PBXBuildFile; fileRef = CE90A2C92CB4231600F30910 /* QiblaView.swift */; };
		CE90A2CC2CB4253200F30910 /* CompassView.swift in Sources */ = {isa = PBXBuildFile; fileRef = CE90A2CB2CB4253200F30910 /* CompassView.swift */; };
/* End PBXBuildFile section */

/* Begin PBXContainerItemProxy section */
		CE90A2A02CB2C2D300F30910 /* PBXContainerItemProxy */ = {
			isa = PBXContainerItemProxy;
			containerPortal = CE90A2862CB2C2CB00F30910 /* Project object */;
			proxyType = 1;
			remoteGlobalIDString = CE90A28D2CB2C2CB00F30910;
			remoteInfo = TCAQibla;
		};
		CE90A2AA2CB2C2D300F30910 /* PBXContainerItemProxy */ = {
			isa = PBXContainerItemProxy;
			containerPortal = CE90A2862CB2C2CB00F30910 /* Project object */;
			proxyType = 1;
			remoteGlobalIDString = CE90A28D2CB2C2CB00F30910;
			remoteInfo = TCAQibla;
		};
/* End PBXContainerItemProxy section */

/* Begin PBXFileReference section */
		CE90A28E2CB2C2CB00F30910 /* TCAQibla.app */ = {isa = PBXFileReference; explicitFileType = wrapper.application; includeInIndex = 0; path = TCAQibla.app; sourceTree = BUILT_PRODUCTS_DIR; };
		CE90A2912CB2C2CB00F30910 /* TCAQiblaApp.swift */ = {isa = PBXFileReference; lastKnownFileType = sourcecode.swift; path = TCAQiblaApp.swift; sourceTree = "<group>"; };
		CE90A2952CB2C2D300F30910 /* Assets.xcassets */ = {isa = PBXFileReference; lastKnownFileType = folder.assetcatalog; path = Assets.xcassets; sourceTree = "<group>"; };
		CE90A2972CB2C2D300F30910 /* TCAQibla.entitlements */ = {isa = PBXFileReference; lastKnownFileType = text.plist.entitlements; path = TCAQibla.entitlements; sourceTree = "<group>"; };
		CE90A2992CB2C2D300F30910 /* Preview Assets.xcassets */ = {isa = PBXFileReference; lastKnownFileType = folder.assetcatalog; path = "Preview Assets.xcassets"; sourceTree = "<group>"; };
		CE90A29F2CB2C2D300F30910 /* TCAQiblaTests.xctest */ = {isa = PBXFileReference; explicitFileType = wrapper.cfbundle; includeInIndex = 0; path = TCAQiblaTests.xctest; sourceTree = BUILT_PRODUCTS_DIR; };
		CE90A2A32CB2C2D300F30910 /* TCAQiblaTests.swift */ = {isa = PBXFileReference; lastKnownFileType = sourcecode.swift; path = TCAQiblaTests.swift; sourceTree = "<group>"; };
		CE90A2A92CB2C2D300F30910 /* TCAQiblaUITests.xctest */ = {isa = PBXFileReference; explicitFileType = wrapper.cfbundle; includeInIndex = 0; path = TCAQiblaUITests.xctest; sourceTree = BUILT_PRODUCTS_DIR; };
		CE90A2AD2CB2C2D300F30910 /* TCAQiblaUITests.swift */ = {isa = PBXFileReference; lastKnownFileType = sourcecode.swift; path = TCAQiblaUITests.swift; sourceTree = "<group>"; };
		CE90A2AF2CB2C2D300F30910 /* TCAQiblaUITestsLaunchTests.swift */ = {isa = PBXFileReference; lastKnownFileType = sourcecode.swift; path = TCAQiblaUITestsLaunchTests.swift; sourceTree = "<group>"; };
		CE90A2BF2CB2CA7800F30910 /* QiblaFeature.swift */ = {isa = PBXFileReference; lastKnownFileType = sourcecode.swift; path = QiblaFeature.swift; sourceTree = "<group>"; };
		CE90A2C62CB3EE3000F30910 /* LocationManager.swift */ = {isa = PBXFileReference; lastKnownFileType = sourcecode.swift; path = LocationManager.swift; sourceTree = "<group>"; };
		CE90A2C92CB4231600F30910 /* QiblaView.swift */ = {isa = PBXFileReference; lastKnownFileType = sourcecode.swift; path = QiblaView.swift; sourceTree = "<group>"; };
		CE90A2CB2CB4253200F30910 /* CompassView.swift */ = {isa = PBXFileReference; lastKnownFileType = sourcecode.swift; path = CompassView.swift; sourceTree = "<group>"; };
/* End PBXFileReference section */

/* Begin PBXFrameworksBuildPhase section */
		CE90A28B2CB2C2CB00F30910 /* Frameworks */ = {
			isa = PBXFrameworksBuildPhase;
			buildActionMask = 2147483647;
			files = (
				CE90A2BE2CB2C85700F30910 /* ComposableArchitecture in Frameworks */,
			);
			runOnlyForDeploymentPostprocessing = 0;
		};
		CE90A29C2CB2C2D300F30910 /* Frameworks */ = {
			isa = PBXFrameworksBuildPhase;
			buildActionMask = 2147483647;
			files = (
				CE90A2C22CB2CB2100F30910 /* ComposableArchitecture in Frameworks */,
			);
			runOnlyForDeploymentPostprocessing = 0;
		};
		CE90A2A62CB2C2D300F30910 /* Frameworks */ = {
			isa = PBXFrameworksBuildPhase;
			buildActionMask = 2147483647;
			files = (
			);
			runOnlyForDeploymentPostprocessing = 0;
		};
/* End PBXFrameworksBuildPhase section */

/* Begin PBXGroup section */
		CE90A2852CB2C2CB00F30910 = {
			isa = PBXGroup;
			children = (
				CE90A2902CB2C2CB00F30910 /* TCAQibla */,
				CE90A2A22CB2C2D300F30910 /* TCAQiblaTests */,
				CE90A2AC2CB2C2D300F30910 /* TCAQiblaUITests */,
				CE90A28F2CB2C2CB00F30910 /* Products */,
			);
			sourceTree = "<group>";
		};
		CE90A28F2CB2C2CB00F30910 /* Products */ = {
			isa = PBXGroup;
			children = (
				CE90A28E2CB2C2CB00F30910 /* TCAQibla.app */,
				CE90A29F2CB2C2D300F30910 /* TCAQiblaTests.xctest */,
				CE90A2A92CB2C2D300F30910 /* TCAQiblaUITests.xctest */,
			);
			name = Products;
			sourceTree = "<group>";
		};
		CE90A2902CB2C2CB00F30910 /* TCAQibla */ = {
			isa = PBXGroup;
			children = (
				CE90A2C42CB3EDFB00F30910 /* App */,
				CE90A2952CB2C2D300F30910 /* Assets.xcassets */,
				CE90A2972CB2C2D300F30910 /* TCAQibla.entitlements */,
				CE90A2982CB2C2D300F30910 /* Preview Content */,
			);
			path = TCAQibla;
			sourceTree = "<group>";
		};
		CE90A2982CB2C2D300F30910 /* Preview Content */ = {
			isa = PBXGroup;
			children = (
				CE90A2992CB2C2D300F30910 /* Preview Assets.xcassets */,
			);
			path = "Preview Content";
			sourceTree = "<group>";
		};
		CE90A2A22CB2C2D300F30910 /* TCAQiblaTests */ = {
			isa = PBXGroup;
			children = (
				CE90A2A32CB2C2D300F30910 /* TCAQiblaTests.swift */,
			);
			path = TCAQiblaTests;
			sourceTree = "<group>";
		};
		CE90A2AC2CB2C2D300F30910 /* TCAQiblaUITests */ = {
			isa = PBXGroup;
			children = (
				CE90A2AD2CB2C2D300F30910 /* TCAQiblaUITests.swift */,
				CE90A2AF2CB2C2D300F30910 /* TCAQiblaUITestsLaunchTests.swift */,
			);
			path = TCAQiblaUITests;
			sourceTree = "<group>";
		};
		CE90A2C32CB3EDEC00F30910 /* Helpers */ = {
			isa = PBXGroup;
			children = (
				CE90A2C62CB3EE3000F30910 /* LocationManager.swift */,
			);
			path = Helpers;
			sourceTree = "<group>";
		};
		CE90A2C42CB3EDFB00F30910 /* App */ = {
			isa = PBXGroup;
			children = (
				CE90A2C82CB422FF00F30910 /* Views */,
				CE90A2C32CB3EDEC00F30910 /* Helpers */,
				CE90A2C52CB3EE0900F30910 /* Features */,
				CE90A2912CB2C2CB00F30910 /* TCAQiblaApp.swift */,
			);
			path = App;
			sourceTree = "<group>";
		};
		CE90A2C52CB3EE0900F30910 /* Features */ = {
			isa = PBXGroup;
			children = (
				CE90A2BF2CB2CA7800F30910 /* QiblaFeature.swift */,
			);
			path = Features;
			sourceTree = "<group>";
		};
		CE90A2C82CB422FF00F30910 /* Views */ = {
			isa = PBXGroup;
			children = (
				CE90A2C92CB4231600F30910 /* QiblaView.swift */,
				CE90A2CB2CB4253200F30910 /* CompassView.swift */,
			);
			path = Views;
			sourceTree = "<group>";
		};
/* End PBXGroup section */

/* Begin PBXNativeTarget section */
		CE90A28D2CB2C2CB00F30910 /* TCAQibla */ = {
			isa = PBXNativeTarget;
			buildConfigurationList = CE90A2B32CB2C2D300F30910 /* Build configuration list for PBXNativeTarget "TCAQibla" */;
			buildPhases = (
				CE90A28A2CB2C2CB00F30910 /* Sources */,
				CE90A28B2CB2C2CB00F30910 /* Frameworks */,
				CE90A28C2CB2C2CB00F30910 /* Resources */,
			);
			buildRules = (
			);
			dependencies = (
			);
			name = TCAQibla;
			packageProductDependencies = (
				CE90A2BD2CB2C85700F30910 /* ComposableArchitecture */,
			);
			productName = TCAQibla;
			productReference = CE90A28E2CB2C2CB00F30910 /* TCAQibla.app */;
			productType = "com.apple.product-type.application";
		};
		CE90A29E2CB2C2D300F30910 /* TCAQiblaTests */ = {
			isa = PBXNativeTarget;
			buildConfigurationList = CE90A2B62CB2C2D300F30910 /* Build configuration list for PBXNativeTarget "TCAQiblaTests" */;
			buildPhases = (
				CE90A29B2CB2C2D300F30910 /* Sources */,
				CE90A29C2CB2C2D300F30910 /* Frameworks */,
				CE90A29D2CB2C2D300F30910 /* Resources */,
			);
			buildRules = (
			);
			dependencies = (
				CE90A2A12CB2C2D300F30910 /* PBXTargetDependency */,
			);
			name = TCAQiblaTests;
			packageProductDependencies = (
				CE90A2C12CB2CB2100F30910 /* ComposableArchitecture */,
			);
			productName = TCAQiblaTests;
			productReference = CE90A29F2CB2C2D300F30910 /* TCAQiblaTests.xctest */;
			productType = "com.apple.product-type.bundle.unit-test";
		};
		CE90A2A82CB2C2D300F30910 /* TCAQiblaUITests */ = {
			isa = PBXNativeTarget;
			buildConfigurationList = CE90A2B92CB2C2D300F30910 /* Build configuration list for PBXNativeTarget "TCAQiblaUITests" */;
			buildPhases = (
				CE90A2A52CB2C2D300F30910 /* Sources */,
				CE90A2A62CB2C2D300F30910 /* Frameworks */,
				CE90A2A72CB2C2D300F30910 /* Resources */,
			);
			buildRules = (
			);
			dependencies = (
				CE90A2AB2CB2C2D300F30910 /* PBXTargetDependency */,
			);
			name = TCAQiblaUITests;
			productName = TCAQiblaUITests;
			productReference = CE90A2A92CB2C2D300F30910 /* TCAQiblaUITests.xctest */;
			productType = "com.apple.product-type.bundle.ui-testing";
		};
/* End PBXNativeTarget section */

/* Begin PBXProject section */
		CE90A2862CB2C2CB00F30910 /* Project object */ = {
			isa = PBXProject;
			attributes = {
				BuildIndependentTargetsInParallel = 1;
				LastSwiftUpdateCheck = 1520;
				LastUpgradeCheck = 1520;
				TargetAttributes = {
					CE90A28D2CB2C2CB00F30910 = {
						CreatedOnToolsVersion = 15.2;
					};
					CE90A29E2CB2C2D300F30910 = {
						CreatedOnToolsVersion = 15.2;
						TestTargetID = CE90A28D2CB2C2CB00F30910;
					};
					CE90A2A82CB2C2D300F30910 = {
						CreatedOnToolsVersion = 15.2;
						TestTargetID = CE90A28D2CB2C2CB00F30910;
					};
				};
			};
			buildConfigurationList = CE90A2892CB2C2CB00F30910 /* Build configuration list for PBXProject "TCAQibla" */;
			compatibilityVersion = "Xcode 14.0";
			developmentRegion = en;
			hasScannedForEncodings = 0;
			knownRegions = (
				en,
				Base,
			);
			mainGroup = CE90A2852CB2C2CB00F30910;
			packageReferences = (
				CE90A2BC2CB2C85700F30910 /* XCRemoteSwiftPackageReference "swift-composable-architecture" */,
			);
			productRefGroup = CE90A28F2CB2C2CB00F30910 /* Products */;
			projectDirPath = "";
			projectRoot = "";
			targets = (
				CE90A28D2CB2C2CB00F30910 /* TCAQibla */,
				CE90A29E2CB2C2D300F30910 /* TCAQiblaTests */,
				CE90A2A82CB2C2D300F30910 /* TCAQiblaUITests */,
			);
		};
/* End PBXProject section */

/* Begin PBXResourcesBuildPhase section */
		CE90A28C2CB2C2CB00F30910 /* Resources */ = {
			isa = PBXResourcesBuildPhase;
			buildActionMask = 2147483647;
			files = (
				CE90A29A2CB2C2D300F30910 /* Preview Assets.xcassets in Resources */,
				CE90A2962CB2C2D300F30910 /* Assets.xcassets in Resources */,
			);
			runOnlyForDeploymentPostprocessing = 0;
		};
		CE90A29D2CB2C2D300F30910 /* Resources */ = {
			isa = PBXResourcesBuildPhase;
			buildActionMask = 2147483647;
			files = (
			);
			runOnlyForDeploymentPostprocessing = 0;
		};
		CE90A2A72CB2C2D300F30910 /* Resources */ = {
			isa = PBXResourcesBuildPhase;
			buildActionMask = 2147483647;
			files = (
			);
			runOnlyForDeploymentPostprocessing = 0;
		};
/* End PBXResourcesBuildPhase section */

/* Begin PBXSourcesBuildPhase section */
		CE90A28A2CB2C2CB00F30910 /* Sources */ = {
			isa = PBXSourcesBuildPhase;
			buildActionMask = 2147483647;
			files = (
				CE90A2C02CB2CA7800F30910 /* QiblaFeature.swift in Sources */,
				CE90A2922CB2C2CB00F30910 /* TCAQiblaApp.swift in Sources */,
				CE90A2CC2CB4253200F30910 /* CompassView.swift in Sources */,
				CE90A2CA2CB4231600F30910 /* QiblaView.swift in Sources */,
				CE90A2C72CB3EE3000F30910 /* LocationManager.swift in Sources */,
			);
			runOnlyForDeploymentPostprocessing = 0;
		};
		CE90A29B2CB2C2D300F30910 /* Sources */ = {
			isa = PBXSourcesBuildPhase;
			buildActionMask = 2147483647;
			files = (
				CE90A2A42CB2C2D300F30910 /* TCAQiblaTests.swift in Sources */,
			);
			runOnlyForDeploymentPostprocessing = 0;
		};
		CE90A2A52CB2C2D300F30910 /* Sources */ = {
			isa = PBXSourcesBuildPhase;
			buildActionMask = 2147483647;
			files = (
				CE90A2B02CB2C2D300F30910 /* TCAQiblaUITestsLaunchTests.swift in Sources */,
				CE90A2AE2CB2C2D300F30910 /* TCAQiblaUITests.swift in Sources */,
			);
			runOnlyForDeploymentPostprocessing = 0;
		};
/* End PBXSourcesBuildPhase section */

/* Begin PBXTargetDependency section */
		CE90A2A12CB2C2D300F30910 /* PBXTargetDependency */ = {
			isa = PBXTargetDependency;
			target = CE90A28D2CB2C2CB00F30910 /* TCAQibla */;
			targetProxy = CE90A2A02CB2C2D300F30910 /* PBXContainerItemProxy */;
		};
		CE90A2AB2CB2C2D300F30910 /* PBXTargetDependency */ = {
			isa = PBXTargetDependency;
			target = CE90A28D2CB2C2CB00F30910 /* TCAQibla */;
			targetProxy = CE90A2AA2CB2C2D300F30910 /* PBXContainerItemProxy */;
		};
/* End PBXTargetDependency section */

/* Begin XCBuildConfiguration section */
		CE90A2B12CB2C2D300F30910 /* Debug */ = {
			isa = XCBuildConfiguration;
			buildSettings = {
				ALWAYS_SEARCH_USER_PATHS = NO;
				ASSETCATALOG_COMPILER_GENERATE_SWIFT_ASSET_SYMBOL_EXTENSIONS = YES;
				CLANG_ANALYZER_NONNULL = YES;
				CLANG_ANALYZER_NUMBER_OBJECT_CONVERSION = YES_AGGRESSIVE;
				CLANG_CXX_LANGUAGE_STANDARD = "gnu++20";
				CLANG_ENABLE_MODULES = YES;
				CLANG_ENABLE_OBJC_ARC = YES;
				CLANG_ENABLE_OBJC_WEAK = YES;
				CLANG_WARN_BLOCK_CAPTURE_AUTORELEASING = YES;
				CLANG_WARN_BOOL_CONVERSION = YES;
				CLANG_WARN_COMMA = YES;
				CLANG_WARN_CONSTANT_CONVERSION = YES;
				CLANG_WARN_DEPRECATED_OBJC_IMPLEMENTATIONS = YES;
				CLANG_WARN_DIRECT_OBJC_ISA_USAGE = YES_ERROR;
				CLANG_WARN_DOCUMENTATION_COMMENTS = YES;
				CLANG_WARN_EMPTY_BODY = YES;
				CLANG_WARN_ENUM_CONVERSION = YES;
				CLANG_WARN_INFINITE_RECURSION = YES;
				CLANG_WARN_INT_CONVERSION = YES;
				CLANG_WARN_NON_LITERAL_NULL_CONVERSION = YES;
				CLANG_WARN_OBJC_IMPLICIT_RETAIN_SELF = YES;
				CLANG_WARN_OBJC_LITERAL_CONVERSION = YES;
				CLANG_WARN_OBJC_ROOT_CLASS = YES_ERROR;
				CLANG_WARN_QUOTED_INCLUDE_IN_FRAMEWORK_HEADER = YES;
				CLANG_WARN_RANGE_LOOP_ANALYSIS = YES;
				CLANG_WARN_STRICT_PROTOTYPES = YES;
				CLANG_WARN_SUSPICIOUS_MOVE = YES;
				CLANG_WARN_UNGUARDED_AVAILABILITY = YES_AGGRESSIVE;
				CLANG_WARN_UNREACHABLE_CODE = YES;
				CLANG_WARN__DUPLICATE_METHOD_MATCH = YES;
				COPY_PHASE_STRIP = NO;
				DEBUG_INFORMATION_FORMAT = dwarf;
				ENABLE_STRICT_OBJC_MSGSEND = YES;
				ENABLE_TESTABILITY = YES;
				ENABLE_USER_SCRIPT_SANDBOXING = YES;
				GCC_C_LANGUAGE_STANDARD = gnu17;
				GCC_DYNAMIC_NO_PIC = NO;
				GCC_NO_COMMON_BLOCKS = YES;
				GCC_OPTIMIZATION_LEVEL = 0;
				GCC_PREPROCESSOR_DEFINITIONS = (
					"DEBUG=1",
					"$(inherited)",
				);
				GCC_WARN_64_TO_32_BIT_CONVERSION = YES;
				GCC_WARN_ABOUT_RETURN_TYPE = YES_ERROR;
				GCC_WARN_UNDECLARED_SELECTOR = YES;
				GCC_WARN_UNINITIALIZED_AUTOS = YES_AGGRESSIVE;
				GCC_WARN_UNUSED_FUNCTION = YES;
				GCC_WARN_UNUSED_VARIABLE = YES;
				LOCALIZATION_PREFERS_STRING_CATALOGS = YES;
				MTL_ENABLE_DEBUG_INFO = INCLUDE_SOURCE;
				MTL_FAST_MATH = YES;
				ONLY_ACTIVE_ARCH = YES;
				SWIFT_ACTIVE_COMPILATION_CONDITIONS = "DEBUG $(inherited)";
				SWIFT_OPTIMIZATION_LEVEL = "-Onone";
			};
			name = Debug;
		};
		CE90A2B22CB2C2D300F30910 /* Release */ = {
			isa = XCBuildConfiguration;
			buildSettings = {
				ALWAYS_SEARCH_USER_PATHS = NO;
				ASSETCATALOG_COMPILER_GENERATE_SWIFT_ASSET_SYMBOL_EXTENSIONS = YES;
				CLANG_ANALYZER_NONNULL = YES;
				CLANG_ANALYZER_NUMBER_OBJECT_CONVERSION = YES_AGGRESSIVE;
				CLANG_CXX_LANGUAGE_STANDARD = "gnu++20";
				CLANG_ENABLE_MODULES = YES;
				CLANG_ENABLE_OBJC_ARC = YES;
				CLANG_ENABLE_OBJC_WEAK = YES;
				CLANG_WARN_BLOCK_CAPTURE_AUTORELEASING = YES;
				CLANG_WARN_BOOL_CONVERSION = YES;
				CLANG_WARN_COMMA = YES;
				CLANG_WARN_CONSTANT_CONVERSION = YES;
				CLANG_WARN_DEPRECATED_OBJC_IMPLEMENTATIONS = YES;
				CLANG_WARN_DIRECT_OBJC_ISA_USAGE = YES_ERROR;
				CLANG_WARN_DOCUMENTATION_COMMENTS = YES;
				CLANG_WARN_EMPTY_BODY = YES;
				CLANG_WARN_ENUM_CONVERSION = YES;
				CLANG_WARN_INFINITE_RECURSION = YES;
				CLANG_WARN_INT_CONVERSION = YES;
				CLANG_WARN_NON_LITERAL_NULL_CONVERSION = YES;
				CLANG_WARN_OBJC_IMPLICIT_RETAIN_SELF = YES;
				CLANG_WARN_OBJC_LITERAL_CONVERSION = YES;
				CLANG_WARN_OBJC_ROOT_CLASS = YES_ERROR;
				CLANG_WARN_QUOTED_INCLUDE_IN_FRAMEWORK_HEADER = YES;
				CLANG_WARN_RANGE_LOOP_ANALYSIS = YES;
				CLANG_WARN_STRICT_PROTOTYPES = YES;
				CLANG_WARN_SUSPICIOUS_MOVE = YES;
				CLANG_WARN_UNGUARDED_AVAILABILITY = YES_AGGRESSIVE;
				CLANG_WARN_UNREACHABLE_CODE = YES;
				CLANG_WARN__DUPLICATE_METHOD_MATCH = YES;
				COPY_PHASE_STRIP = NO;
				DEBUG_INFORMATION_FORMAT = "dwarf-with-dsym";
				ENABLE_NS_ASSERTIONS = NO;
				ENABLE_STRICT_OBJC_MSGSEND = YES;
				ENABLE_USER_SCRIPT_SANDBOXING = YES;
				GCC_C_LANGUAGE_STANDARD = gnu17;
				GCC_NO_COMMON_BLOCKS = YES;
				GCC_WARN_64_TO_32_BIT_CONVERSION = YES;
				GCC_WARN_ABOUT_RETURN_TYPE = YES_ERROR;
				GCC_WARN_UNDECLARED_SELECTOR = YES;
				GCC_WARN_UNINITIALIZED_AUTOS = YES_AGGRESSIVE;
				GCC_WARN_UNUSED_FUNCTION = YES;
				GCC_WARN_UNUSED_VARIABLE = YES;
				LOCALIZATION_PREFERS_STRING_CATALOGS = YES;
				MTL_ENABLE_DEBUG_INFO = NO;
				MTL_FAST_MATH = YES;
				SWIFT_COMPILATION_MODE = wholemodule;
			};
			name = Release;
		};
		CE90A2B42CB2C2D300F30910 /* Debug */ = {
			isa = XCBuildConfiguration;
			buildSettings = {
				ASSETCATALOG_COMPILER_APPICON_NAME = AppIcon;
				ASSETCATALOG_COMPILER_GLOBAL_ACCENT_COLOR_NAME = AccentColor;
				CODE_SIGN_ENTITLEMENTS = TCAQibla/TCAQibla.entitlements;
				CODE_SIGN_STYLE = Automatic;
				CURRENT_PROJECT_VERSION = 1;
				DEVELOPMENT_ASSET_PATHS = "\"TCAQibla/Preview Content\"";
				DEVELOPMENT_TEAM = "";
				ENABLE_HARDENED_RUNTIME = YES;
				"ENABLE_HARDENED_RUNTIME[sdk=macosx*]" = YES;
				ENABLE_PREVIEWS = YES;
				GENERATE_INFOPLIST_FILE = YES;
				INFOPLIST_KEY_NSLocationWhenInUseUsageDescription = "The app would like access to your location to provide location-based services";
				"INFOPLIST_KEY_UIApplicationSceneManifest_Generation[sdk=iphoneos*]" = YES;
				"INFOPLIST_KEY_UIApplicationSceneManifest_Generation[sdk=iphonesimulator*]" = YES;
				"INFOPLIST_KEY_UIApplicationSupportsIndirectInputEvents[sdk=iphoneos*]" = YES;
				"INFOPLIST_KEY_UIApplicationSupportsIndirectInputEvents[sdk=iphonesimulator*]" = YES;
				"INFOPLIST_KEY_UILaunchScreen_Generation[sdk=iphoneos*]" = YES;
				"INFOPLIST_KEY_UILaunchScreen_Generation[sdk=iphonesimulator*]" = YES;
				"INFOPLIST_KEY_UIStatusBarStyle[sdk=iphoneos*]" = UIStatusBarStyleDefault;
				"INFOPLIST_KEY_UIStatusBarStyle[sdk=iphonesimulator*]" = UIStatusBarStyleDefault;
				INFOPLIST_KEY_UISupportedInterfaceOrientations_iPad = "UIInterfaceOrientationPortrait UIInterfaceOrientationPortraitUpsideDown UIInterfaceOrientationLandscapeLeft UIInterfaceOrientationLandscapeRight";
				INFOPLIST_KEY_UISupportedInterfaceOrientations_iPhone = "UIInterfaceOrientationPortrait UIInterfaceOrientationLandscapeLeft UIInterfaceOrientationLandscapeRight";
				IPHONEOS_DEPLOYMENT_TARGET = 17.2;
				LD_RUNPATH_SEARCH_PATHS = "@executable_path/Frameworks";
				"LD_RUNPATH_SEARCH_PATHS[sdk=macosx*]" = "@executable_path/../Frameworks";
				MACOSX_DEPLOYMENT_TARGET = 13.7;
				MARKETING_VERSION = 1.0;
				PRODUCT_BUNDLE_IDENTIFIER = naore.TCAQibla;
				PRODUCT_NAME = "$(TARGET_NAME)";
				SDKROOT = auto;
				SUPPORTED_PLATFORMS = "iphoneos iphonesimulator macosx";
				SWIFT_EMIT_LOC_STRINGS = YES;
				SWIFT_VERSION = 5.0;
				TARGETED_DEVICE_FAMILY = "1,2";
			};
			name = Debug;
		};
		CE90A2B52CB2C2D300F30910 /* Release */ = {
			isa = XCBuildConfiguration;
			buildSettings = {
				ASSETCATALOG_COMPILER_APPICON_NAME = AppIcon;
				ASSETCATALOG_COMPILER_GLOBAL_ACCENT_COLOR_NAME = AccentColor;
				CODE_SIGN_ENTITLEMENTS = TCAQibla/TCAQibla.entitlements;
				CODE_SIGN_STYLE = Automatic;
				CURRENT_PROJECT_VERSION = 1;
				DEVELOPMENT_ASSET_PATHS = "\"TCAQibla/Preview Content\"";
				DEVELOPMENT_TEAM = "";
				ENABLE_HARDENED_RUNTIME = YES;
				"ENABLE_HARDENED_RUNTIME[sdk=macosx*]" = YES;
				ENABLE_PREVIEWS = YES;
				GENERATE_INFOPLIST_FILE = YES;
				INFOPLIST_KEY_NSLocationWhenInUseUsageDescription = "The app would like access to your location to provide location-based services";
				"INFOPLIST_KEY_UIApplicationSceneManifest_Generation[sdk=iphoneos*]" = YES;
				"INFOPLIST_KEY_UIApplicationSceneManifest_Generation[sdk=iphonesimulator*]" = YES;
				"INFOPLIST_KEY_UIApplicationSupportsIndirectInputEvents[sdk=iphoneos*]" = YES;
				"INFOPLIST_KEY_UIApplicationSupportsIndirectInputEvents[sdk=iphonesimulator*]" = YES;
				"INFOPLIST_KEY_UILaunchScreen_Generation[sdk=iphoneos*]" = YES;
				"INFOPLIST_KEY_UILaunchScreen_Generation[sdk=iphonesimulator*]" = YES;
				"INFOPLIST_KEY_UIStatusBarStyle[sdk=iphoneos*]" = UIStatusBarStyleDefault;
				"INFOPLIST_KEY_UIStatusBarStyle[sdk=iphonesimulator*]" = UIStatusBarStyleDefault;
				INFOPLIST_KEY_UISupportedInterfaceOrientations_iPad = "UIInterfaceOrientationPortrait UIInterfaceOrientationPortraitUpsideDown UIInterfaceOrientationLandscapeLeft UIInterfaceOrientationLandscapeRight";
				INFOPLIST_KEY_UISupportedInterfaceOrientations_iPhone = "UIInterfaceOrientationPortrait UIInterfaceOrientationLandscapeLeft UIInterfaceOrientationLandscapeRight";
				IPHONEOS_DEPLOYMENT_TARGET = 17.2;
				LD_RUNPATH_SEARCH_PATHS = "@executable_path/Frameworks";
				"LD_RUNPATH_SEARCH_PATHS[sdk=macosx*]" = "@executable_path/../Frameworks";
				MACOSX_DEPLOYMENT_TARGET = 13.7;
				MARKETING_VERSION = 1.0;
				PRODUCT_BUNDLE_IDENTIFIER = naore.TCAQibla;
				PRODUCT_NAME = "$(TARGET_NAME)";
				SDKROOT = auto;
				SUPPORTED_PLATFORMS = "iphoneos iphonesimulator macosx";
				SWIFT_EMIT_LOC_STRINGS = YES;
				SWIFT_VERSION = 5.0;
				TARGETED_DEVICE_FAMILY = "1,2";
			};
			name = Release;
		};
		CE90A2B72CB2C2D300F30910 /* Debug */ = {
			isa = XCBuildConfiguration;
			buildSettings = {
				ALWAYS_EMBED_SWIFT_STANDARD_LIBRARIES = YES;
				BUNDLE_LOADER = "$(TEST_HOST)";
				CODE_SIGN_STYLE = Automatic;
				CURRENT_PROJECT_VERSION = 1;
				DEVELOPMENT_TEAM = 2499Y3EK3Q;
				GENERATE_INFOPLIST_FILE = YES;
				IPHONEOS_DEPLOYMENT_TARGET = 17.2;
				MACOSX_DEPLOYMENT_TARGET = 13.7;
				MARKETING_VERSION = 1.0;
				PRODUCT_BUNDLE_IDENTIFIER = naore.TCAQiblaTests;
				PRODUCT_NAME = "$(TARGET_NAME)";
				SDKROOT = auto;
				SUPPORTED_PLATFORMS = "iphoneos iphonesimulator macosx";
				SWIFT_EMIT_LOC_STRINGS = NO;
				SWIFT_VERSION = 5.0;
				TARGETED_DEVICE_FAMILY = "1,2";
				TEST_HOST = "$(BUILT_PRODUCTS_DIR)/TCAQibla.app/$(BUNDLE_EXECUTABLE_FOLDER_PATH)/TCAQibla";
			};
			name = Debug;
		};
		CE90A2B82CB2C2D300F30910 /* Release */ = {
			isa = XCBuildConfiguration;
			buildSettings = {
				ALWAYS_EMBED_SWIFT_STANDARD_LIBRARIES = YES;
				BUNDLE_LOADER = "$(TEST_HOST)";
				CODE_SIGN_STYLE = Automatic;
				CURRENT_PROJECT_VERSION = 1;
				DEVELOPMENT_TEAM = 2499Y3EK3Q;
				GENERATE_INFOPLIST_FILE = YES;
				IPHONEOS_DEPLOYMENT_TARGET = 17.2;
				MACOSX_DEPLOYMENT_TARGET = 13.7;
				MARKETING_VERSION = 1.0;
				PRODUCT_BUNDLE_IDENTIFIER = naore.TCAQiblaTests;
				PRODUCT_NAME = "$(TARGET_NAME)";
				SDKROOT = auto;
				SUPPORTED_PLATFORMS = "iphoneos iphonesimulator macosx";
				SWIFT_EMIT_LOC_STRINGS = NO;
				SWIFT_VERSION = 5.0;
				TARGETED_DEVICE_FAMILY = "1,2";
				TEST_HOST = "$(BUILT_PRODUCTS_DIR)/TCAQibla.app/$(BUNDLE_EXECUTABLE_FOLDER_PATH)/TCAQibla";
			};
			name = Release;
		};
		CE90A2BA2CB2C2D300F30910 /* Debug */ = {
			isa = XCBuildConfiguration;
			buildSettings = {
				ALWAYS_EMBED_SWIFT_STANDARD_LIBRARIES = YES;
				CODE_SIGN_STYLE = Automatic;
				CURRENT_PROJECT_VERSION = 1;
				DEVELOPMENT_TEAM = 2499Y3EK3Q;
				GENERATE_INFOPLIST_FILE = YES;
				IPHONEOS_DEPLOYMENT_TARGET = 17.2;
				MACOSX_DEPLOYMENT_TARGET = 13.7;
				MARKETING_VERSION = 1.0;
				PRODUCT_BUNDLE_IDENTIFIER = naore.TCAQiblaUITests;
				PRODUCT_NAME = "$(TARGET_NAME)";
				SDKROOT = auto;
				SUPPORTED_PLATFORMS = "iphoneos iphonesimulator macosx";
				SWIFT_EMIT_LOC_STRINGS = NO;
				SWIFT_VERSION = 5.0;
				TARGETED_DEVICE_FAMILY = "1,2";
				TEST_TARGET_NAME = TCAQibla;
			};
			name = Debug;
		};
		CE90A2BB2CB2C2D300F30910 /* Release */ = {
			isa = XCBuildConfiguration;
			buildSettings = {
				ALWAYS_EMBED_SWIFT_STANDARD_LIBRARIES = YES;
				CODE_SIGN_STYLE = Automatic;
				CURRENT_PROJECT_VERSION = 1;
				DEVELOPMENT_TEAM = 2499Y3EK3Q;
				GENERATE_INFOPLIST_FILE = YES;
				IPHONEOS_DEPLOYMENT_TARGET = 17.2;
				MACOSX_DEPLOYMENT_TARGET = 13.7;
				MARKETING_VERSION = 1.0;
				PRODUCT_BUNDLE_IDENTIFIER = naore.TCAQiblaUITests;
				PRODUCT_NAME = "$(TARGET_NAME)";
				SDKROOT = auto;
				SUPPORTED_PLATFORMS = "iphoneos iphonesimulator macosx";
				SWIFT_EMIT_LOC_STRINGS = NO;
				SWIFT_VERSION = 5.0;
				TARGETED_DEVICE_FAMILY = "1,2";
				TEST_TARGET_NAME = TCAQibla;
			};
			name = Release;
		};
/* End XCBuildConfiguration section */

/* Begin XCConfigurationList section */
		CE90A2892CB2C2CB00F30910 /* Build configuration list for PBXProject "TCAQibla" */ = {
			isa = XCConfigurationList;
			buildConfigurations = (
				CE90A2B12CB2C2D300F30910 /* Debug */,
				CE90A2B22CB2C2D300F30910 /* Release */,
			);
			defaultConfigurationIsVisible = 0;
			defaultConfigurationName = Release;
		};
		CE90A2B32CB2C2D300F30910 /* Build configuration list for PBXNativeTarget "TCAQibla" */ = {
			isa = XCConfigurationList;
			buildConfigurations = (
				CE90A2B42CB2C2D300F30910 /* Debug */,
				CE90A2B52CB2C2D300F30910 /* Release */,
			);
			defaultConfigurationIsVisible = 0;
			defaultConfigurationName = Release;
		};
		CE90A2B62CB2C2D300F30910 /* Build configuration list for PBXNativeTarget "TCAQiblaTests" */ = {
			isa = XCConfigurationList;
			buildConfigurations = (
				CE90A2B72CB2C2D300F30910 /* Debug */,
				CE90A2B82CB2C2D300F30910 /* Release */,
			);
			defaultConfigurationIsVisible = 0;
			defaultConfigurationName = Release;
		};
		CE90A2B92CB2C2D300F30910 /* Build configuration list for PBXNativeTarget "TCAQiblaUITests" */ = {
			isa = XCConfigurationList;
			buildConfigurations = (
				CE90A2BA2CB2C2D300F30910 /* Debug */,
				CE90A2BB2CB2C2D300F30910 /* Release */,
			);
			defaultConfigurationIsVisible = 0;
			defaultConfigurationName = Release;
		};
/* End XCConfigurationList section */

/* Begin XCRemoteSwiftPackageReference section */
		CE90A2BC2CB2C85700F30910 /* XCRemoteSwiftPackageReference "swift-composable-architecture" */ = {
			isa = XCRemoteSwiftPackageReference;
			repositoryURL = "https://github.com/pointfreeco/swift-composable-architecture.git";
			requirement = {
				kind = upToNextMajorVersion;
				minimumVersion = 1.15.0;
			};
		};
/* End XCRemoteSwiftPackageReference section */

/* Begin XCSwiftPackageProductDependency section */
		CE90A2BD2CB2C85700F30910 /* ComposableArchitecture */ = {
			isa = XCSwiftPackageProductDependency;
			package = CE90A2BC2CB2C85700F30910 /* XCRemoteSwiftPackageReference "swift-composable-architecture" */;
			productName = ComposableArchitecture;
		};
		CE90A2C12CB2CB2100F30910 /* ComposableArchitecture */ = {
			isa = XCSwiftPackageProductDependency;
			package = CE90A2BC2CB2C85700F30910 /* XCRemoteSwiftPackageReference "swift-composable-architecture" */;
			productName = ComposableArchitecture;
		};
/* End XCSwiftPackageProductDependency section */
	};
	rootObject = CE90A2862CB2C2CB00F30910 /* Project object */;
}
